
Microsoft Visual Studio Solution File, Format Version 12.00
# Visual Studio Version 17
VisualStudioVersion = 17.14.37027.9 d17.14
MinimumVisualStudioVersion = 10.0.40219.1
Project("{2150E333-8FDC-42A3-9474-1A3956D46DE8}") = "src", "src", "{02EA681E-C7D8-13C7-8484-4AC65E1B71E8}"
EndProject
Project("{2150E333-8FDC-42A3-9474-1A3956D46DE8}") = "tests", "tests", "{A43620D8-7F96-46F4-A972-73E4AED6FDBA}"
EndProject
Project("{FAE04EC0-301F-11D3-BF4B-00C04F79EFBC}") = "InventorySystem.Domain", "InventorySystem.Domain\InventorySystem.Domain.csproj", "{CE59558C-1612-46A0-8F69-C9E18AC88115}"
EndProject
Project("{FAE04EC0-301F-11D3-BF4B-00C04F79EFBC}") = "InventorySystem.Application", "InventorySystem.Application\InventorySystem.Application.csproj", "{4519B452-4CE5-4881-B0AE-9A769E68C442}"
EndProject
Project("{FAE04EC0-301F-11D3-BF4B-00C04F79EFBC}") = "InventorySystem.Infrastructure", "InventorySystem.Infrastructure\InventorySystem.Infrastructure.csproj", "{3A5EA929-AAFE-4FEC-8486-03FFEEA13FBE}"
EndProject
Project("{FAE04EC0-301F-11D3-BF4B-00C04F79EFBC}") = "InventorySystem.Api", "InventorySystem.Api\InventorySystem.Api.csproj", "{31039D1B-8B9A-4AAA-B8AE-04852DAEFA18}"
EndProject
Global
	GlobalSection(SolutionConfigurationPlatforms) = preSolution
		Debug|Any CPU = Debug|Any CPU
		Release|Any CPU = Release|Any CPU
	EndGlobalSection
	GlobalSection(ProjectConfigurationPlatforms) = postSolution
		{CE59558C-1612-46A0-8F69-C9E18AC88115}.Debug|Any CPU.ActiveCfg = Debug|Any CPU
		{CE59558C-1612-46A0-8F69-C9E18AC88115}.Debug|Any CPU.Build.0 = Debug|Any CPU
		{CE59558C-1612-46A0-8F69-C9E18AC88115}.Release|Any CPU.ActiveCfg = Release|Any CPU
		{CE59558C-1612-46A0-8F69-C9E18AC88115}.Release|Any CPU.Build.0 = Release|Any CPU
		{4519B452-4CE5-4881-B0AE-9A769E68C442}.Debug|Any CPU.ActiveCfg = Debug|Any CPU
		{4519B452-4CE5-4881-B0AE-9A769E68C442}.Debug|Any CPU.Build.0 = Debug|Any CPU
		{4519B452-4CE5-4881-B0AE-9A769E68C442}.Release|Any CPU.ActiveCfg = Release|Any CPU
		{4519B452-4CE5-4881-B0AE-9A769E68C442}.Release|Any CPU.Build.0 = Release|Any CPU
		{3A5EA929-AAFE-4FEC-8486-03FFEEA13FBE}.Debug|Any CPU.ActiveCfg = Debug|Any CPU
		{3A5EA929-AAFE-4FEC-8486-03FFEEA13FBE}.Debug|Any CPU.Build.0 = Debug|Any CPU
		{3A5EA929-AAFE-4FEC-8486-03FFEEA13FBE}.Release|Any CPU.ActiveCfg = Release|Any CPU
		{3A5EA929-AAFE-4FEC-8486-03FFEEA13FBE}.Release|Any CPU.Build.0 = Release|Any CPU
		{31039D1B-8B9A-4AAA-B8AE-04852DAEFA18}.Debug|Any CPU.ActiveCfg = Debug|Any CPU
		{31039D1B-8B9A-4AAA-B8AE-04852DAEFA18}.Debug|Any CPU.Build.0 = Debug|Any CPU
		{31039D1B-8B9A-4AAA-B8AE-04852DAEFA18}.Release|Any CPU.ActiveCfg = Release|Any CPU
		{31039D1B-8B9A-4AAA-B8AE-04852DAEFA18}.Release|Any CPU.Build.0 = Release|Any CPU
	EndGlobalSection
	GlobalSection(SolutionProperties) = preSolution
		HideSolutionNode = FALSE
	EndGlobalSection
	GlobalSection(NestedProjects) = preSolution
		{CE59558C-1612-46A0-8F69-C9E18AC88115} = {02EA681E-C7D8-13C7-8484-4AC65E1B71E8}
		{4519B452-4CE5-4881-B0AE-9A769E68C442} = {02EA681E-C7D8-13C7-8484-4AC65E1B71E8}
		{3A5EA929-AAFE-4FEC-8486-03FFEEA13FBE} = {02EA681E-C7D8-13C7-8484-4AC65E1B71E8}
		{31039D1B-8B9A-4AAA-B8AE-04852DAEFA18} = {02EA681E-C7D8-13C7-8484-4AC65E1B71E8}
	EndGlobalSection
	GlobalSection(ExtensibilityGlobals) = postSolution
		SolutionGuid = {F0F9351D-016F-47F3-9334-3D9D8A3E5C59}
	EndGlobalSection
EndGlobal
